// !$*UTF8*$!
{
	archiveVersion = 1;
	classes = {
	};
	objectVersion = 52;
	objects = {

/* Begin PBXBuildFile section */
		990EA1852552D72F00193C50 /* SpeechToMorse.swift in Sources */ = {isa = PBXBuildFile; fileRef = 990EA1842552D72F00193C50 /* SpeechToMorse.swift */; };
		992B7FCD254C74DC00B68724 /* AppDelegate.swift in Sources */ = {isa = PBXBuildFile; fileRef = 992B7FCC254C74DC00B68724 /* AppDelegate.swift */; };
		992B7FCF254C74DC00B68724 /* SceneDelegate.swift in Sources */ = {isa = PBXBuildFile; fileRef = 992B7FCE254C74DC00B68724 /* SceneDelegate.swift */; };
		992B7FD1254C74DC00B68724 /* ContentView.swift in Sources */ = {isa = PBXBuildFile; fileRef = 992B7FD0254C74DC00B68724 /* ContentView.swift */; };
		992B7FD3254C74DD00B68724 /* Assets.xcassets in Resources */ = {isa = PBXBuildFile; fileRef = 992B7FD2254C74DD00B68724 /* Assets.xcassets */; };
		992B7FD6254C74DD00B68724 /* Preview Assets.xcassets in Resources */ = {isa = PBXBuildFile; fileRef = 992B7FD5254C74DD00B68724 /* Preview Assets.xcassets */; };
		992B7FD9254C74DE00B68724 /* LaunchScreen.storyboard in Resources */ = {isa = PBXBuildFile; fileRef = 992B7FD7254C74DE00B68724 /* LaunchScreen.storyboard */; };
		992B7FE3254C754300B68724 /* SwiftSpeech in Frameworks */ = {isa = PBXBuildFile; productRef = 992B7FE2254C754300B68724 /* SwiftSpeech */; };
		996D58022555C02000A3CD98 /* MorseToLightView.swift in Sources */ = {isa = PBXBuildFile; fileRef = 996D58012555C02000A3CD98 /* MorseToLightView.swift */; };
		996D58072555C06600A3CD98 /* HomeViewTabbed.swift in Sources */ = {isa = PBXBuildFile; fileRef = 996D58062555C06600A3CD98 /* HomeViewTabbed.swift */; };
		99A754F0254EBD7F003C55E1 /* OnboardingDataModel.swift in Sources */ = {isa = PBXBuildFile; fileRef = 99A754EF254EBD7F003C55E1 /* OnboardingDataModel.swift */; };
		99A754F4254EBF39003C55E1 /* OnboardingStepView.swift in Sources */ = {isa = PBXBuildFile; fileRef = 99A754F3254EBF39003C55E1 /* OnboardingStepView.swift */; };
		99A754F7254EC069003C55E1 /* OnboardingViewPure.swift in Sources */ = {isa = PBXBuildFile; fileRef = 99A754F6254EC069003C55E1 /* OnboardingViewPure.swift */; };
		99A754FB254ED924003C55E1 /* TextToMorseView.swift in Sources */ = {isa = PBXBuildFile; fileRef = 99A754FA254ED924003C55E1 /* TextToMorseView.swift */; };
		99A75505254EE289003C55E1 /* MorseToTextView.swift in Sources */ = {isa = PBXBuildFile; fileRef = 99A75504254EE289003C55E1 /* MorseToTextView.swift */; };
/* End PBXBuildFile section */

/* Begin PBXFileReference section */
		990EA1842552D72F00193C50 /* SpeechToMorse.swift */ = {isa = PBXFileReference; lastKnownFileType = sourcecode.swift; path = SpeechToMorse.swift; sourceTree = "<group>"; };
		992B7FC9254C74DC00B68724 /* Test 3.app */ = {isa = PBXFileReference; explicitFileType = wrapper.application; includeInIndex = 0; path = "Test 3.app"; sourceTree = BUILT_PRODUCTS_DIR; };
		992B7FCC254C74DC00B68724 /* AppDelegate.swift */ = {isa = PBXFileReference; lastKnownFileType = sourcecode.swift; path = AppDelegate.swift; sourceTree = "<group>"; };
		992B7FCE254C74DC00B68724 /* SceneDelegate.swift */ = {isa = PBXFileReference; lastKnownFileType = sourcecode.swift; path = SceneDelegate.swift; sourceTree = "<group>"; };
		992B7FD0254C74DC00B68724 /* ContentView.swift */ = {isa = PBXFileReference; lastKnownFileType = sourcecode.swift; path = ContentView.swift; sourceTree = "<group>"; };
		992B7FD2254C74DD00B68724 /* Assets.xcassets */ = {isa = PBXFileReference; lastKnownFileType = folder.assetcatalog; path = Assets.xcassets; sourceTree = "<group>"; };
		992B7FD5254C74DD00B68724 /* Preview Assets.xcassets */ = {isa = PBXFileReference; lastKnownFileType = folder.assetcatalog; path = "Preview Assets.xcassets"; sourceTree = "<group>"; };
		992B7FD8254C74DE00B68724 /* Base */ = {isa = PBXFileReference; lastKnownFileType = file.storyboard; name = Base; path = Base.lproj/LaunchScreen.storyboard; sourceTree = "<group>"; };
		992B7FDA254C74DE00B68724 /* Info.plist */ = {isa = PBXFileReference; lastKnownFileType = text.plist.xml; path = Info.plist; sourceTree = "<group>"; };
		996D58012555C02000A3CD98 /* MorseToLightView.swift */ = {isa = PBXFileReference; lastKnownFileType = sourcecode.swift; path = MorseToLightView.swift; sourceTree = "<group>"; };
		996D58062555C06600A3CD98 /* HomeViewTabbed.swift */ = {isa = PBXFileReference; lastKnownFileType = sourcecode.swift; path = HomeViewTabbed.swift; sourceTree = "<group>"; };
		99A754EF254EBD7F003C55E1 /* OnboardingDataModel.swift */ = {isa = PBXFileReference; lastKnownFileType = sourcecode.swift; path = OnboardingDataModel.swift; sourceTree = "<group>"; };
		99A754F3254EBF39003C55E1 /* OnboardingStepView.swift */ = {isa = PBXFileReference; lastKnownFileType = sourcecode.swift; path = OnboardingStepView.swift; sourceTree = "<group>"; };
		99A754F6254EC069003C55E1 /* OnboardingViewPure.swift */ = {isa = PBXFileReference; lastKnownFileType = sourcecode.swift; path = OnboardingViewPure.swift; sourceTree = "<group>"; };
		99A754FA254ED924003C55E1 /* TextToMorseView.swift */ = {isa = PBXFileReference; lastKnownFileType = sourcecode.swift; path = TextToMorseView.swift; sourceTree = "<group>"; };
		99A75504254EE289003C55E1 /* MorseToTextView.swift */ = {isa = PBXFileReference; lastKnownFileType = sourcecode.swift; path = MorseToTextView.swift; sourceTree = "<group>"; };
/* End PBXFileReference section */

/* Begin PBXFrameworksBuildPhase section */
		992B7FC6254C74DC00B68724 /* Frameworks */ = {
			isa = PBXFrameworksBuildPhase;
			buildActionMask = 2147483647;
			files = (
				992B7FE3254C754300B68724 /* SwiftSpeech in Frameworks */,
			);
			runOnlyForDeploymentPostprocessing = 0;
		};
/* End PBXFrameworksBuildPhase section */

/* Begin PBXGroup section */
		990EA1822552D6F800193C50 /* SpeechToMorse */ = {
			isa = PBXGroup;
			children = (
				990EA1842552D72F00193C50 /* SpeechToMorse.swift */,
			);
			path = SpeechToMorse;
			sourceTree = "<group>";
		};
		992B7FC0254C74DC00B68724 = {
			isa = PBXGroup;
			children = (
				992B7FCB254C74DC00B68724 /* Test 3 */,
			);
			sourceTree = "<group>";
		};
		992B7FCA254C74DC00B68724 /* Products */ = {
			isa = PBXGroup;
			children = (
				992B7FC9254C74DC00B68724 /* Test 3.app */,
			);
			name = Products;
			path = ..;
			sourceTree = "<group>";
		};
		992B7FCB254C74DC00B68724 /* Test 3 */ = {
			isa = PBXGroup;
			children = (
				996D58002555C01200A3CD98 /* MorseToLight */,
				990EA1822552D6F800193C50 /* SpeechToMorse */,
				99A754FE254EE25B003C55E1 /* MorseToText */,
				99A754F9254ED916003C55E1 /* TextToMorse */,
				99A754EE254EBD6E003C55E1 /* Onboarding */,
				992B7FD2254C74DD00B68724 /* Assets.xcassets */,
				992B7FCC254C74DC00B68724 /* AppDelegate.swift */,
				996D58062555C06600A3CD98 /* HomeViewTabbed.swift */,
				992B7FCE254C74DC00B68724 /* SceneDelegate.swift */,
				992B7FD0254C74DC00B68724 /* ContentView.swift */,
				992B7FD7254C74DE00B68724 /* LaunchScreen.storyboard */,
				992B7FDA254C74DE00B68724 /* Info.plist */,
				992B7FCA254C74DC00B68724 /* Products */,
				992B7FD4254C74DD00B68724 /* Preview Content */,
			);
			path = "Test 3";
			sourceTree = "<group>";
		};
		992B7FD4254C74DD00B68724 /* Preview Content */ = {
			isa = PBXGroup;
			children = (
				992B7FD5254C74DD00B68724 /* Preview Assets.xcassets */,
			);
			path = "Preview Content";
			sourceTree = "<group>";
		};
		996D58002555C01200A3CD98 /* MorseToLight */ = {
			isa = PBXGroup;
			children = (
				996D58012555C02000A3CD98 /* MorseToLightView.swift */,
			);
			path = MorseToLight;
			sourceTree = "<group>";
		};
		99A754EE254EBD6E003C55E1 /* Onboarding */ = {
			isa = PBXGroup;
			children = (
				99A754EF254EBD7F003C55E1 /* OnboardingDataModel.swift */,
				99A754F3254EBF39003C55E1 /* OnboardingStepView.swift */,
				99A754F6254EC069003C55E1 /* OnboardingViewPure.swift */,
			);
			path = Onboarding;
			sourceTree = "<group>";
		};
		99A754F9254ED916003C55E1 /* TextToMorse */ = {
			isa = PBXGroup;
			children = (
				99A754FA254ED924003C55E1 /* TextToMorseView.swift */,
			);
			path = TextToMorse;
			sourceTree = "<group>";
		};
		99A754FE254EE25B003C55E1 /* MorseToText */ = {
			isa = PBXGroup;
			children = (
				99A75504254EE289003C55E1 /* MorseToTextView.swift */,
			);
			path = MorseToText;
			sourceTree = "<group>";
		};
/* End PBXGroup section */

/* Begin PBXNativeTarget section */
		992B7FC8254C74DC00B68724 /* Test 3 */ = {
			isa = PBXNativeTarget;
			buildConfigurationList = 992B7FDD254C74DE00B68724 /* Build configuration list for PBXNativeTarget "Test 3" */;
			buildPhases = (
				992B7FC5254C74DC00B68724 /* Sources */,
				992B7FC6254C74DC00B68724 /* Frameworks */,
				992B7FC7254C74DC00B68724 /* Resources */,
			);
			buildRules = (
			);
			dependencies = (
			);
			name = "Test 3";
			packageProductDependencies = (
				992B7FE2254C754300B68724 /* SwiftSpeech */,
			);
			productName = "Test 3";
			productReference = 992B7FC9254C74DC00B68724 /* Test 3.app */;
			productType = "com.apple.product-type.application";
		};
/* End PBXNativeTarget section */

/* Begin PBXProject section */
		992B7FC1254C74DC00B68724 /* Project object */ = {
			isa = PBXProject;
			attributes = {
				LastSwiftUpdateCheck = 1210;
				LastUpgradeCheck = 1210;
				TargetAttributes = {
					992B7FC8254C74DC00B68724 = {
						CreatedOnToolsVersion = 12.1;
					};
				};
			};
			buildConfigurationList = 992B7FC4254C74DC00B68724 /* Build configuration list for PBXProject "Test 3" */;
			compatibilityVersion = "Xcode 9.3";
			developmentRegion = en;
			hasScannedForEncodings = 0;
			knownRegions = (
				en,
				Base,
			);
			mainGroup = 992B7FC0254C74DC00B68724;
			packageReferences = (
				992B7FE1254C754300B68724 /* XCRemoteSwiftPackageReference "SwiftSpeech" */,
			);
			productRefGroup = 992B7FCA254C74DC00B68724 /* Products */;
			projectDirPath = "";
			projectRoot = "";
			targets = (
				992B7FC8254C74DC00B68724 /* Test 3 */,
			);
		};
/* End PBXProject section */

/* Begin PBXResourcesBuildPhase section */
		992B7FC7254C74DC00B68724 /* Resources */ = {
			isa = PBXResourcesBuildPhase;
			buildActionMask = 2147483647;
			files = (
				992B7FD9254C74DE00B68724 /* LaunchScreen.storyboard in Resources */,
				992B7FD6254C74DD00B68724 /* Preview Assets.xcassets in Resources */,
				992B7FD3254C74DD00B68724 /* Assets.xcassets in Resources */,
			);
			runOnlyForDeploymentPostprocessing = 0;
		};
/* End PBXResourcesBuildPhase section */

/* Begin PBXSourcesBuildPhase section */
		992B7FC5254C74DC00B68724 /* Sources */ = {
			isa = PBXSourcesBuildPhase;
			buildActionMask = 2147483647;
			files = (
				99A754F7254EC069003C55E1 /* OnboardingViewPure.swift in Sources */,
				99A75505254EE289003C55E1 /* MorseToTextView.swift in Sources */,
				99A754FB254ED924003C55E1 /* TextToMorseView.swift in Sources */,
				992B7FCD254C74DC00B68724 /* AppDelegate.swift in Sources */,
				992B7FCF254C74DC00B68724 /* SceneDelegate.swift in Sources */,
				99A754F4254EBF39003C55E1 /* OnboardingStepView.swift in Sources */,
				99A754F0254EBD7F003C55E1 /* OnboardingDataModel.swift in Sources */,
				992B7FD1254C74DC00B68724 /* ContentView.swift in Sources */,
				990EA1852552D72F00193C50 /* SpeechToMorse.swift in Sources */,
				996D58022555C02000A3CD98 /* MorseToLightView.swift in Sources */,
				996D58072555C06600A3CD98 /* HomeViewTabbed.swift in Sources */,
			);
			runOnlyForDeploymentPostprocessing = 0;
		};
/* End PBXSourcesBuildPhase section */

/* Begin PBXVariantGroup section */
		992B7FD7254C74DE00B68724 /* LaunchScreen.storyboard */ = {
			isa = PBXVariantGroup;
			children = (
				992B7FD8254C74DE00B68724 /* Base */,
			);
			name = LaunchScreen.storyboard;
			sourceTree = "<group>";
		};
/* End PBXVariantGroup section */

/* Begin XCBuildConfiguration section */
		992B7FDB254C74DE00B68724 /* Debug */ = {
			isa = XCBuildConfiguration;
			buildSettings = {
				ALWAYS_SEARCH_USER_PATHS = NO;
				CLANG_ANALYZER_NONNULL = YES;
				CLANG_ANALYZER_NUMBER_OBJECT_CONVERSION = YES_AGGRESSIVE;
				CLANG_CXX_LANGUAGE_STANDARD = "gnu++14";
				CLANG_CXX_LIBRARY = "libc++";
				CLANG_ENABLE_MODULES = YES;
				CLANG_ENABLE_OBJC_ARC = YES;
				CLANG_ENABLE_OBJC_WEAK = YES;
				CLANG_WARN_BLOCK_CAPTURE_AUTORELEASING = YES;
				CLANG_WARN_BOOL_CONVERSION = YES;
				CLANG_WARN_COMMA = YES;
				CLANG_WARN_CONSTANT_CONVERSION = YES;
				CLANG_WARN_DEPRECATED_OBJC_IMPLEMENTATIONS = YES;
				CLANG_WARN_DIRECT_OBJC_ISA_USAGE = YES_ERROR;
				CLANG_WARN_DOCUMENTATION_COMMENTS = YES;
				CLANG_WARN_EMPTY_BODY = YES;
				CLANG_WARN_ENUM_CONVERSION = YES;
				CLANG_WARN_INFINITE_RECURSION = YES;
				CLANG_WARN_INT_CONVERSION = YES;
				CLANG_WARN_NON_LITERAL_NULL_CONVERSION = YES;
				CLANG_WARN_OBJC_IMPLICIT_RETAIN_SELF = YES;
				CLANG_WARN_OBJC_LITERAL_CONVERSION = YES;
				CLANG_WARN_OBJC_ROOT_CLASS = YES_ERROR;
				CLANG_WARN_QUOTED_INCLUDE_IN_FRAMEWORK_HEADER = YES;
				CLANG_WARN_RANGE_LOOP_ANALYSIS = YES;
				CLANG_WARN_STRICT_PROTOTYPES = YES;
				CLANG_WARN_SUSPICIOUS_MOVE = YES;
				CLANG_WARN_UNGUARDED_AVAILABILITY = YES_AGGRESSIVE;
				CLANG_WARN_UNREACHABLE_CODE = YES;
				CLANG_WARN__DUPLICATE_METHOD_MATCH = YES;
				COPY_PHASE_STRIP = NO;
				DEBUG_INFORMATION_FORMAT = dwarf;
				ENABLE_STRICT_OBJC_MSGSEND = YES;
				ENABLE_TESTABILITY = YES;
				GCC_C_LANGUAGE_STANDARD = gnu11;
				GCC_DYNAMIC_NO_PIC = NO;
				GCC_NO_COMMON_BLOCKS = YES;
				GCC_OPTIMIZATION_LEVEL = 0;
				GCC_PREPROCESSOR_DEFINITIONS = (
					"DEBUG=1",
					"$(inherited)",
				);
				GCC_WARN_64_TO_32_BIT_CONVERSION = YES;
				GCC_WARN_ABOUT_RETURN_TYPE = YES_ERROR;
				GCC_WARN_UNDECLARED_SELECTOR = YES;
				GCC_WARN_UNINITIALIZED_AUTOS = YES_AGGRESSIVE;
				GCC_WARN_UNUSED_FUNCTION = YES;
				GCC_WARN_UNUSED_VARIABLE = YES;
				IPHONEOS_DEPLOYMENT_TARGET = 14.1;
				MTL_ENABLE_DEBUG_INFO = INCLUDE_SOURCE;
				MTL_FAST_MATH = YES;
				ONLY_ACTIVE_ARCH = YES;
				SDKROOT = iphoneos;
				SWIFT_ACTIVE_COMPILATION_CONDITIONS = DEBUG;
				SWIFT_OPTIMIZATION_LEVEL = "-Onone";
			};
			name = Debug;
		};
		992B7FDC254C74DE00B68724 /* Release */ = {
			isa = XCBuildConfiguration;
			buildSettings = {
				ALWAYS_SEARCH_USER_PATHS = NO;
				CLANG_ANALYZER_NONNULL = YES;
				CLANG_ANALYZER_NUMBER_OBJECT_CONVERSION = YES_AGGRESSIVE;
				CLANG_CXX_LANGUAGE_STANDARD = "gnu++14";
				CLANG_CXX_LIBRARY = "libc++";
				CLANG_ENABLE_MODULES = YES;
				CLANG_ENABLE_OBJC_ARC = YES;
				CLANG_ENABLE_OBJC_WEAK = YES;
				CLANG_WARN_BLOCK_CAPTURE_AUTORELEASING = YES;
				CLANG_WARN_BOOL_CONVERSION = YES;
				CLANG_WARN_COMMA = YES;
				CLANG_WARN_CONSTANT_CONVERSION = YES;
				CLANG_WARN_DEPRECATED_OBJC_IMPLEMENTATIONS = YES;
				CLANG_WARN_DIRECT_OBJC_ISA_USAGE = YES_ERROR;
				CLANG_WARN_DOCUMENTATION_COMMENTS = YES;
				CLANG_WARN_EMPTY_BODY = YES;
				CLANG_WARN_ENUM_CONVERSION = YES;
				CLANG_WARN_INFINITE_RECURSION = YES;
				CLANG_WARN_INT_CONVERSION = YES;
				CLANG_WARN_NON_LITERAL_NULL_CONVERSION = YES;
				CLANG_WARN_OBJC_IMPLICIT_RETAIN_SELF = YES;
				CLANG_WARN_OBJC_LITERAL_CONVERSION = YES;
				CLANG_WARN_OBJC_ROOT_CLASS = YES_ERROR;
				CLANG_WARN_QUOTED_INCLUDE_IN_FRAMEWORK_HEADER = YES;
				CLANG_WARN_RANGE_LOOP_ANALYSIS = YES;
				CLANG_WARN_STRICT_PROTOTYPES = YES;
				CLANG_WARN_SUSPICIOUS_MOVE = YES;
				CLANG_WARN_UNGUARDED_AVAILABILITY = YES_AGGRESSIVE;
				CLANG_WARN_UNREACHABLE_CODE = YES;
				CLANG_WARN__DUPLICATE_METHOD_MATCH = YES;
				COPY_PHASE_STRIP = NO;
				DEBUG_INFORMATION_FORMAT = "dwarf-with-dsym";
				ENABLE_NS_ASSERTIONS = NO;
				ENABLE_STRICT_OBJC_MSGSEND = YES;
				GCC_C_LANGUAGE_STANDARD = gnu11;
				GCC_NO_COMMON_BLOCKS = YES;
				GCC_WARN_64_TO_32_BIT_CONVERSION = YES;
				GCC_WARN_ABOUT_RETURN_TYPE = YES_ERROR;
				GCC_WARN_UNDECLARED_SELECTOR = YES;
				GCC_WARN_UNINITIALIZED_AUTOS = YES_AGGRESSIVE;
				GCC_WARN_UNUSED_FUNCTION = YES;
				GCC_WARN_UNUSED_VARIABLE = YES;
				IPHONEOS_DEPLOYMENT_TARGET = 14.1;
				MTL_ENABLE_DEBUG_INFO = NO;
				MTL_FAST_MATH = YES;
				SDKROOT = iphoneos;
				SWIFT_COMPILATION_MODE = wholemodule;
				SWIFT_OPTIMIZATION_LEVEL = "-O";
				VALIDATE_PRODUCT = YES;
			};
			name = Release;
		};
		992B7FDE254C74DE00B68724 /* Debug */ = {
			isa = XCBuildConfiguration;
			buildSettings = {
				ASSETCATALOG_COMPILER_APPICON_NAME = AppIcon;
				ASSETCATALOG_COMPILER_GLOBAL_ACCENT_COLOR_NAME = AccentColor;
				CODE_SIGN_STYLE = Automatic;
				DEVELOPMENT_ASSET_PATHS = "\"Test 3/Preview Content\"";
				DEVELOPMENT_TEAM = 26Y8X8HWB8;
				ENABLE_PREVIEWS = YES;
				INFOPLIST_FILE = "Test 3/Info.plist";
				LD_RUNPATH_SEARCH_PATHS = (
					"$(inherited)",
					"@executable_path/Frameworks",
				);
				PRODUCT_BUNDLE_IDENTIFIER = "com.akinozgen.Test-3";
				PRODUCT_NAME = "$(TARGET_NAME)";
				SWIFT_VERSION = 5.0;
				TARGETED_DEVICE_FAMILY = "1,2";
			};
			name = Debug;
		};
		992B7FDF254C74DE00B68724 /* Release */ = {
			isa = XCBuildConfiguration;
			buildSettings = {
				ASSETCATALOG_COMPILER_APPICON_NAME = AppIcon;
				ASSETCATALOG_COMPILER_GLOBAL_ACCENT_COLOR_NAME = AccentColor;
				CODE_SIGN_STYLE = Automatic;
				DEVELOPMENT_ASSET_PATHS = "\"Test 3/Preview Content\"";
				DEVELOPMENT_TEAM = 26Y8X8HWB8;
				ENABLE_PREVIEWS = YES;
				INFOPLIST_FILE = "Test 3/Info.plist";
				LD_RUNPATH_SEARCH_PATHS = (
					"$(inherited)",
					"@executable_path/Frameworks",
				);
				PRODUCT_BUNDLE_IDENTIFIER = "com.akinozgen.Test-3";
				PRODUCT_NAME = "$(TARGET_NAME)";
				SWIFT_VERSION = 5.0;
				TARGETED_DEVICE_FAMILY = "1,2";
			};
			name = Release;
		};
/* End XCBuildConfiguration section */

/* Begin XCConfigurationList section */
		992B7FC4254C74DC00B68724 /* Build configuration list for PBXProject "Test 3" */ = {
			isa = XCConfigurationList;
			buildConfigurations = (
				992B7FDB254C74DE00B68724 /* Debug */,
				992B7FDC254C74DE00B68724 /* Release */,
			);
			defaultConfigurationIsVisible = 0;
			defaultConfigurationName = Release;
		};
		992B7FDD254C74DE00B68724 /* Build configuration list for PBXNativeTarget "Test 3" */ = {
			isa = XCConfigurationList;
			buildConfigurations = (
				992B7FDE254C74DE00B68724 /* Debug */,
				992B7FDF254C74DE00B68724 /* Release */,
			);
			defaultConfigurationIsVisible = 0;
			defaultConfigurationName = Release;
		};
/* End XCConfigurationList section */

/* Begin XCRemoteSwiftPackageReference section */
		992B7FE1254C754300B68724 /* XCRemoteSwiftPackageReference "SwiftSpeech" */ = {
			isa = XCRemoteSwiftPackageReference;
			repositoryURL = "https://github.com/Cay-Zhang/SwiftSpeech.git";
			requirement = {
				kind = upToNextMajorVersion;
				minimumVersion = 0.9.2;
			};
		};
/* End XCRemoteSwiftPackageReference section */

/* Begin XCSwiftPackageProductDependency section */
		992B7FE2254C754300B68724 /* SwiftSpeech */ = {
			isa = XCSwiftPackageProductDependency;
			package = 992B7FE1254C754300B68724 /* XCRemoteSwiftPackageReference "SwiftSpeech" */;
			productName = SwiftSpeech;
		};
/* End XCSwiftPackageProductDependency section */
	};
	rootObject = 992B7FC1254C74DC00B68724 /* Project object */;
}
